
Microsoft Visual Studio Solution File, Format Version 12.00
# Visual Studio Version 17
VisualStudioVersion = 17.5.002.0
MinimumVisualStudioVersion = 10.0.40219.1
Project("{9A19103F-16F7-4668-BE54-9A1E7A4F7556}") = "AnimalSounds", "AnimalSounds\AnimalSounds.csproj", "{F06874AB-D25B-4C2A-82FD-468A7303D4E2}"
EndProject
Project("{9A19103F-16F7-4668-BE54-9A1E7A4F7556}") = "MovableApp", "MovableApp\MovableApp.csproj", "{263BCA97-60BD-4C0C-95C4-7374FBAC23EF}"
EndProject
Project("{9A19103F-16F7-4668-BE54-9A1E7A4F7556}") = "ShapeAreas", "ShapeAreas\ShapeAreas.csproj", "{D457AA6E-D95C-4FA1-9CD0-B28CEA1E2D7C}"
EndProject
Global
	GlobalSection(SolutionConfigurationPlatforms) = preSolution
		Debug|Any CPU = Debug|Any CPU
		Release|Any CPU = Release|Any CPU
	EndGlobalSection
	GlobalSection(ProjectConfigurationPlatforms) = postSolution
		{F06874AB-D25B-4C2A-82FD-468A7303D4E2}.Debug|Any CPU.ActiveCfg = Debug|Any CPU
		{F06874AB-D25B-4C2A-82FD-468A7303D4E2}.Debug|Any CPU.Build.0 = Debug|Any CPU
		{F06874AB-D25B-4C2A-82FD-468A7303D4E2}.Release|Any CPU.ActiveCfg = Release|Any CPU
		{F06874AB-D25B-4C2A-82FD-468A7303D4E2}.Release|Any CPU.Build.0 = Release|Any CPU
		{263BCA97-60BD-4C0C-95C4-7374FBAC23EF}.Debug|Any CPU.ActiveCfg = Debug|Any CPU
		{263BCA97-60BD-4C0C-95C4-7374FBAC23EF}.Debug|Any CPU.Build.0 = Debug|Any CPU
		{263BCA97-60BD-4C0C-95C4-7374FBAC23EF}.Release|Any CPU.ActiveCfg = Release|Any CPU
		{263BCA97-60BD-4C0C-95C4-7374FBAC23EF}.Release|Any CPU.Build.0 = Release|Any CPU
		{D457AA6E-D95C-4FA1-9CD0-B28CEA1E2D7C}.Debug|Any CPU.ActiveCfg = Debug|Any CPU
		{D457AA6E-D95C-4FA1-9CD0-B28CEA1E2D7C}.Debug|Any CPU.Build.0 = Debug|Any CPU
		{D457AA6E-D95C-4FA1-9CD0-B28CEA1E2D7C}.Release|Any CPU.ActiveCfg = Release|Any CPU
		{D457AA6E-D95C-4FA1-9CD0-B28CEA1E2D7C}.Release|Any CPU.Build.0 = Release|Any CPU
	EndGlobalSection
	GlobalSection(SolutionProperties) = preSolution
		HideSolutionNode = FALSE
	EndGlobalSection
	GlobalSection(ExtensibilityGlobals) = postSolution
		SolutionGuid = {BA714294-71F3-4171-8343-19F2CC8957BE}
	EndGlobalSection
EndGlobal
